PODS:
  - agora_rtc_engine (6.2.4):
    - AgoraIrisRTC_iOS (= 4.2.3-build.4)
    - AgoraRtcEngine_iOS (= 4.2.3)
    - Flutter
  - AgoraIrisRTC_iOS (4.2.3-build.4)
  - AgoraRtcEngine_iOS (4.2.3):
    - AgoraRtcEngine_iOS/AIAEC (= 4.2.3)
    - AgoraRtcEngine_iOS/AINS (= 4.2.3)
    - AgoraRtcEngine_iOS/AudioBeauty (= 4.2.3)
    - AgoraRtcEngine_iOS/ClearVision (= 4.2.3)
    - AgoraRtcEngine_iOS/ContentInspect (= 4.2.3)
    - AgoraRtcEngine_iOS/DRM (= 4.2.3)
    - AgoraRtcEngine_iOS/FaceDetection (= 4.2.3)
    - AgoraRtcEngine_iOS/ReplayKit (= 4.2.3)
    - AgoraRtcEngine_iOS/RtcBasic (= 4.2.3)
    - AgoraRtcEngine_iOS/SpatialAudio (= 4.2.3)
    - AgoraRtcEngine_iOS/VideoCodecDec (= 4.2.3)
    - AgoraRtcEngine_iOS/VideoCodecEnc (= 4.2.3)
    - AgoraRtcEngine_iOS/VirtualBackground (= 4.2.3)
    - AgoraRtcEngine_iOS/VQA (= 4.2.3)
  - AgoraRtcEngine_iOS/AIAEC (4.2.3)
  - AgoraRtcEngine_iOS/AINS (4.2.3)
  - AgoraRtcEngine_iOS/AudioBeauty (4.2.3)
  - AgoraRtcEngine_iOS/ClearVision (4.2.3)
  - AgoraRtcEngine_iOS/ContentInspect (4.2.3)
  - AgoraRtcEngine_iOS/DRM (4.2.3)
  - AgoraRtcEngine_iOS/FaceDetection (4.2.3)
  - AgoraRtcEngine_iOS/ReplayKit (4.2.3)
  - AgoraRtcEngine_iOS/RtcBasic (4.2.3)
  - AgoraRtcEngine_iOS/SpatialAudio (4.2.3)
  - AgoraRtcEngine_iOS/VideoCodecDec (4.2.3)
  - AgoraRtcEngine_iOS/VideoCodecEnc (4.2.3)
  - AgoraRtcEngine_iOS/VirtualBackground (4.2.3)
  - AgoraRtcEngine_iOS/VQA (4.2.3)
  - Auth0 (2.3.2):
    - JWTDecode (~> 3.0)
    - SimpleKeychain (~> 1.0)
  - auth0_flutter (1.3.0):
    - Auth0 (= 2.3.2)
    - Flutter
    - JWTDecode (= 3.0.1)
    - SimpleKeychain (= 1.0.1)
  - Flutter (1.0.0)
  - geolocator_apple (1.2.0):
    - Flutter
  - google_maps_flutter_ios (0.0.1):
    - Flutter
    - GoogleMaps (< 8.0)
  - GoogleMaps (7.4.0):
    - GoogleMaps/Maps (= 7.4.0)
  - GoogleMaps/Base (7.4.0)
  - GoogleMaps/Maps (7.4.0):
    - GoogleMaps/Base
  - iris_method_channel (0.0.1):
    - Flutter
  - JWTDecode (3.0.1)
  - permission_handler_apple (9.1.1):
    - Flutter
  - SimpleKeychain (1.0.1)

DEPENDENCIES:
  - agora_rtc_engine (from `.symlinks/plugins/agora_rtc_engine/ios`)
  - auth0_flutter (from `.symlinks/plugins/auth0_flutter/ios`)
  - Flutter (from `Flutter`)
  - geolocator_apple (from `.symlinks/plugins/geolocator_apple/ios`)
  - google_maps_flutter_ios (from `.symlinks/plugins/google_maps_flutter_ios/ios`)
  - iris_method_channel (from `.symlinks/plugins/iris_method_channel/ios`)
  - permission_handler_apple (from `.symlinks/plugins/permission_handler_apple/ios`)

SPEC REPOS:
  trunk:
    - AgoraIrisRTC_iOS
    - AgoraRtcEngine_iOS
    - Auth0
    - GoogleMaps
    - JWTDecode
    - SimpleKeychain

EXTERNAL SOURCES:
  agora_rtc_engine:
    :path: ".symlinks/plugins/agora_rtc_engine/ios"
  auth0_flutter:
    :path: ".symlinks/plugins/auth0_flutter/ios"
  Flutter:
    :path: Flutter
  geolocator_apple:
    :path: ".symlinks/plugins/geolocator_apple/ios"
  google_maps_flutter_ios:
    :path: ".symlinks/plugins/google_maps_flutter_ios/ios"
  iris_method_channel:
    :path: ".symlinks/plugins/iris_method_channel/ios"
  permission_handler_apple:
    :path: ".symlinks/plugins/permission_handler_apple/ios"

SPEC CHECKSUMS:
  agora_rtc_engine: fb9292d3b1eec2df31a47a2f435937e57e724648
  AgoraIrisRTC_iOS: 84ae4f5824d68480d1215cbdd8db261549a7c94e
  AgoraRtcEngine_iOS: eb0a7e87dbc9e818b267d413b48f76a57959e6f4
  Auth0: 64da28fdc5cd499aa516dc4bfd0ace8efae2c1da
  auth0_flutter: 875e4079e0e9d48aaadd5beadb0b491bf430441b
  Flutter: f04841e97a9d0b0a8025694d0796dd46242b2854
  geolocator_apple: cc556e6844d508c95df1e87e3ea6fa4e58c50401
  google_maps_flutter_ios: abdac20d6ce8931f6ebc5f46616df241bfaa2cfd
  GoogleMaps: 032f676450ba0779bd8ce16840690915f84e57ac
  iris_method_channel: 0617c689164d8154c020c50f63ca79f92b8a7b9d
  JWTDecode: 2eed97c2fa46ccaf3049a787004eedf0be474a87
  permission_handler_apple: e76247795d700c14ea09e3a2d8855d41ee80a2e6
  SimpleKeychain: 130211269f88f038d7dc5254cf0b1b9ce978c398

PODFILE CHECKSUM: 978dd492a93a8ef4ec2dc2b3631de447af34068a

COCOAPODS: 1.14.2
